
Microsoft Visual Studio Solution File, Format Version 12.00
# Visual Studio 15
VisualStudioVersion = 15.0.28010.2050
MinimumVisualStudioVersion = 10.0.40219.1
Project("{FAE04EC0-301F-11D3-BF4B-00C04F79EFBC}") = "Chushka.Data", "Chushka.Data\Chushka.Data.csproj", "{8D06F58D-0355-45AF-B332-A268D70125E8}"
EndProject
Project("{FAE04EC0-301F-11D3-BF4B-00C04F79EFBC}") = "Chushka.Models", "Chushka.Models\Chushka.Models.csproj", "{49D270E0-0C80-452B-982D-BBBC1735CDCD}"
EndProject
Project("{FAE04EC0-301F-11D3-BF4B-00C04F79EFBC}") = "Chushka.Web", "Chushka.Web\Chushka.Web.csproj", "{CA9C08D2-9832-4D12-AC5D-C111496DF49C}"
EndProject
Global
	GlobalSection(SolutionConfigurationPlatforms) = preSolution
		Debug|Any CPU = Debug|Any CPU
		Release|Any CPU = Release|Any CPU
	EndGlobalSection
	GlobalSection(ProjectConfigurationPlatforms) = postSolution
		{8D06F58D-0355-45AF-B332-A268D70125E8}.Debug|Any CPU.ActiveCfg = Debug|Any CPU
		{8D06F58D-0355-45AF-B332-A268D70125E8}.Debug|Any CPU.Build.0 = Debug|Any CPU
		{8D06F58D-0355-45AF-B332-A268D70125E8}.Release|Any CPU.ActiveCfg = Release|Any CPU
		{8D06F58D-0355-45AF-B332-A268D70125E8}.Release|Any CPU.Build.0 = Release|Any CPU
		{49D270E0-0C80-452B-982D-BBBC1735CDCD}.Debug|Any CPU.ActiveCfg = Debug|Any CPU
		{49D270E0-0C80-452B-982D-BBBC1735CDCD}.Debug|Any CPU.Build.0 = Debug|Any CPU
		{49D270E0-0C80-452B-982D-BBBC1735CDCD}.Release|Any CPU.ActiveCfg = Release|Any CPU
		{49D270E0-0C80-452B-982D-BBBC1735CDCD}.Release|Any CPU.Build.0 = Release|Any CPU
		{CA9C08D2-9832-4D12-AC5D-C111496DF49C}.Debug|Any CPU.ActiveCfg = Debug|Any CPU
		{CA9C08D2-9832-4D12-AC5D-C111496DF49C}.Debug|Any CPU.Build.0 = Debug|Any CPU
		{CA9C08D2-9832-4D12-AC5D-C111496DF49C}.Release|Any CPU.ActiveCfg = Release|Any CPU
		{CA9C08D2-9832-4D12-AC5D-C111496DF49C}.Release|Any CPU.Build.0 = Release|Any CPU
	EndGlobalSection
	GlobalSection(SolutionProperties) = preSolution
		HideSolutionNode = FALSE
	EndGlobalSection
	GlobalSection(ExtensibilityGlobals) = postSolution
		SolutionGuid = {1A396E5C-3D7A-4FAD-9232-58DE2BE7F006}
	EndGlobalSection
EndGlobal
